
Microsoft Visual Studio Solution File, Format Version 11.00
# Visual C++ Express 2010
Project("{8BC9CEB8-8B4A-11D0-8D11-00A0C91BC942}") = "JoystickButtonTimer", "JoystickButtonTimer\JoystickButtonTimer.vcxproj", "{DD0FC8AE-7AFD-4C9B-AE6B-19D561879A96}"
EndProject
Global
	GlobalSection(SolutionConfigurationPlatforms) = preSolution
		Debug|Win32 = Debug|Win32
		Release|Win32 = Release|Win32
	EndGlobalSection
	GlobalSection(ProjectConfigurationPlatforms) = postSolution
		{DD0FC8AE-7AFD-4C9B-AE6B-19D561879A96}.Debug|Win32.ActiveCfg = Debug|Win32
		{DD0FC8AE-7AFD-4C9B-AE6B-19D561879A96}.Debug|Win32.Build.0 = Debug|Win32
		{DD0FC8AE-7AFD-4C9B-AE6B-19D561879A96}.Release|Win32.ActiveCfg = Release|Win32
		{DD0FC8AE-7AFD-4C9B-AE6B-19D561879A96}.Release|Win32.Build.0 = Release|Win32
	EndGlobalSection
	GlobalSection(SolutionProperties) = preSolution
		HideSolutionNode = FALSE
	EndGlobalSection
EndGlobal
